# THIS IS AN AUTOGENERATED FILE. DO NOT EDIT THIS FILE DIRECTLY.
# yarn lockfile v1


"@algolia/autocomplete-core@1.9.3":
  version "1.9.3"
  resolved "https://registry.yarnpkg.com/@algolia/autocomplete-core/-/autocomplete-core-1.9.3.tgz#1d56482a768c33aae0868c8533049e02e8961be7"
  integrity sha512-009HdfugtGCdC4JdXUbVJClA0q0zh24yyePn+KUGk3rP7j8FEe/m5Yo/z65gn6nP/cM39PxpzqKrL7A6fP6PPw==
  dependencies:
    "@algolia/autocomplete-plugin-algolia-insights" "1.9.3"
    "@algolia/autocomplete-shared" "1.9.3"

"@algolia/autocomplete-plugin-algolia-insights@1.9.3":
  version "1.9.3"
  resolved "https://registry.yarnpkg.com/@algolia/autocomplete-plugin-algolia-insights/-/autocomplete-plugin-algolia-insights-1.9.3.tgz#9b7f8641052c8ead6d66c1623d444cbe19dde587"
  integrity sha512-a/yTUkcO/Vyy+JffmAnTWbr4/90cLzw+CC3bRbhnULr/EM0fGNvM13oQQ14f2moLMcVDyAx/leczLlAOovhSZg==
  dependencies:
    "@algolia/autocomplete-shared" "1.9.3"

"@algolia/autocomplete-preset-algolia@1.9.3":
  version "1.9.3"
  resolved "https://registry.yarnpkg.com/@algolia/autocomplete-preset-algolia/-/autocomplete-preset-algolia-1.9.3.tgz#64cca4a4304cfcad2cf730e83067e0c1b2f485da"
  integrity sha512-d4qlt6YmrLMYy95n5TB52wtNDr6EgAIPH81dvvvW8UmuWRgxEtY0NJiPwl/h95JtG2vmRM804M0DSwMCNZlzRA==
  dependencies:
    "@algolia/autocomplete-shared" "1.9.3"

"@algolia/autocomplete-shared@1.9.3":
  version "1.9.3"
  resolved "https://registry.yarnpkg.com/@algolia/autocomplete-shared/-/autocomplete-shared-1.9.3.tgz#2e22e830d36f0a9cf2c0ccd3c7f6d59435b77dfa"
  integrity sha512-Wnm9E4Ye6Rl6sTTqjoymD+l8DjSTHsHboVRYrKgEt8Q7UHm9nYbqhN/i0fhUYA3OAEH7WA8x3jfpnmJm3rKvaQ==

"@algolia/cache-browser-local-storage@4.19.1":
  version "4.19.1"
  resolved "https://registry.yarnpkg.com/@algolia/cache-browser-local-storage/-/cache-browser-local-storage-4.19.1.tgz#d29f42775ed4d117182897ac164519c593faf399"
  integrity sha512-FYAZWcGsFTTaSAwj9Std8UML3Bu8dyWDncM7Ls8g+58UOe4XYdlgzXWbrIgjaguP63pCCbMoExKr61B+ztK3tw==
  dependencies:
    "@algolia/cache-common" "4.19.1"

"@algolia/cache-common@4.19.1":
  version "4.19.1"
  resolved "https://registry.yarnpkg.com/@algolia/cache-common/-/cache-common-4.19.1.tgz#faa5eeacaffd6023c2cf26e9866bdb06193f9b26"
  integrity sha512-XGghi3l0qA38HiqdoUY+wvGyBsGvKZ6U3vTiMBT4hArhP3fOGLXpIINgMiiGjTe4FVlTa5a/7Zf2bwlIHfRqqg==

"@algolia/cache-in-memory@4.19.1":
  version "4.19.1"
  resolved "https://registry.yarnpkg.com/@algolia/cache-in-memory/-/cache-in-memory-4.19.1.tgz#afe4f0f21149800358379871089e0141fb72415b"
  integrity sha512-+PDWL+XALGvIginigzu8oU6eWw+o76Z8zHbBovWYcrtWOEtinbl7a7UTt3x3lthv+wNuFr/YD1Gf+B+A9V8n5w==
  dependencies:
    "@algolia/cache-common" "4.19.1"

"@algolia/client-account@4.19.1":
  version "4.19.1"
  resolved "https://registry.yarnpkg.com/@algolia/client-account/-/client-account-4.19.1.tgz#1fa65881baab79ad35af6bcf44646a13b8d5edc9"
  integrity sha512-Oy0ritA2k7AMxQ2JwNpfaEcgXEDgeyKu0V7E7xt/ZJRdXfEpZcwp9TOg4TJHC7Ia62gIeT2Y/ynzsxccPw92GA==
  dependencies:
    "@algolia/client-common" "4.19.1"
    "@algolia/client-search" "4.19.1"
    "@algolia/transporter" "4.19.1"

"@algolia/client-analytics@4.19.1":
  version "4.19.1"
  resolved "https://registry.yarnpkg.com/@algolia/client-analytics/-/client-analytics-4.19.1.tgz#e6ed79acd4de5a0284c9696bf4e1c25278ba34db"
  integrity sha512-5QCq2zmgdZLIQhHqwl55ZvKVpLM3DNWjFI4T+bHr3rGu23ew2bLO4YtyxaZeChmDb85jUdPDouDlCumGfk6wOg==
  dependencies:
    "@algolia/client-common" "4.19.1"
    "@algolia/client-search" "4.19.1"
    "@algolia/requester-common" "4.19.1"
    "@algolia/transporter" "4.19.1"

"@algolia/client-common@4.19.1":
  version "4.19.1"
  resolved "https://registry.yarnpkg.com/@algolia/client-common/-/client-common-4.19.1.tgz#40a8387316fa61d62ad1091beb3a8e227f008e75"
  integrity sha512-3kAIVqTcPrjfS389KQvKzliC559x+BDRxtWamVJt8IVp7LGnjq+aVAXg4Xogkur1MUrScTZ59/AaUd5EdpyXgA==
  dependencies:
    "@algolia/requester-common" "4.19.1"
    "@algolia/transporter" "4.19.1"

"@algolia/client-personalization@4.19.1":
  version "4.19.1"
  resolved "https://registry.yarnpkg.com/@algolia/client-personalization/-/client-personalization-4.19.1.tgz#fe362e0684dc74c3504c3641c5a7488c6ae02e07"
  integrity sha512-8CWz4/H5FA+krm9HMw2HUQenizC/DxUtsI5oYC0Jxxyce1vsr8cb1aEiSJArQT6IzMynrERif1RVWLac1m36xw==
  dependencies:
    "@algolia/client-common" "4.19.1"
    "@algolia/requester-common" "4.19.1"
    "@algolia/transporter" "4.19.1"

"@algolia/client-search@4.19.1":
  version "4.19.1"
  resolved "https://registry.yarnpkg.com/@algolia/client-search/-/client-search-4.19.1.tgz#5e54601aa5f5cea790cec3f2cde4af9d6403871e"
  integrity sha512-mBecfMFS4N+yK/p0ZbK53vrZbL6OtWMk8YmnOv1i0LXx4pelY8TFhqKoTit3NPVPwoSNN0vdSN9dTu1xr1XOVw==
  dependencies:
    "@algolia/client-common" "4.19.1"
    "@algolia/requester-common" "4.19.1"
    "@algolia/transporter" "4.19.1"

"@algolia/logger-common@4.19.1":
  version "4.19.1"
  resolved "https://registry.yarnpkg.com/@algolia/logger-common/-/logger-common-4.19.1.tgz#0e46a11510f3e94e1afc0ac780ae52e9597be78f"
  integrity sha512-i6pLPZW/+/YXKis8gpmSiNk1lOmYCmRI6+x6d2Qk1OdfvX051nRVdalRbEcVTpSQX6FQAoyeaui0cUfLYW5Elw==

"@algolia/logger-console@4.19.1":
  version "4.19.1"
  resolved "https://registry.yarnpkg.com/@algolia/logger-console/-/logger-console-4.19.1.tgz#656a6f4ebb5de39af6ef7095c398d9ab3cceb87d"
  integrity sha512-jj72k9GKb9W0c7TyC3cuZtTr0CngLBLmc8trzZlXdfvQiigpUdvTi1KoWIb2ZMcRBG7Tl8hSb81zEY3zI2RlXg==
  dependencies:
    "@algolia/logger-common" "4.19.1"

"@algolia/requester-browser-xhr@4.19.1":
  version "4.19.1"
  resolved "https://registry.yarnpkg.com/@algolia/requester-browser-xhr/-/requester-browser-xhr-4.19.1.tgz#7341ea2f980b8980a2976110142026721e452187"
  integrity sha512-09K/+t7lptsweRTueHnSnmPqIxbHMowejAkn9XIcJMLdseS3zl8ObnS5GWea86mu3vy4+8H+ZBKkUN82Zsq/zg==
  dependencies:
    "@algolia/requester-common" "4.19.1"

"@algolia/requester-common@4.19.1":
  version "4.19.1"
  resolved "https://registry.yarnpkg.com/@algolia/requester-common/-/requester-common-4.19.1.tgz#f3396c77631b9d36e8d4d6f819a2c27f9ddbf7a1"
  integrity sha512-BisRkcWVxrDzF1YPhAckmi2CFYK+jdMT60q10d7z3PX+w6fPPukxHRnZwooiTUrzFe50UBmLItGizWHP5bDzVQ==

"@algolia/requester-node-http@4.19.1":
  version "4.19.1"
  resolved "https://registry.yarnpkg.com/@algolia/requester-node-http/-/requester-node-http-4.19.1.tgz#ea210de9642628b3bdda1dd7fcd1fcb686da442e"
  integrity sha512-6DK52DHviBHTG2BK/Vv2GIlEw7i+vxm7ypZW0Z7vybGCNDeWzADx+/TmxjkES2h15+FZOqVf/Ja677gePsVItA==
  dependencies:
    "@algolia/requester-common" "4.19.1"

"@algolia/transporter@4.19.1":
  version "4.19.1"
  resolved "https://registry.yarnpkg.com/@algolia/transporter/-/transporter-4.19.1.tgz#b5787299740c4bec9ba05502d98c14b5999860c8"
  integrity sha512-nkpvPWbpuzxo1flEYqNIbGz7xhfhGOKGAZS7tzC+TELgEmi7z99qRyTfNSUlW7LZmB3ACdnqAo+9A9KFBENviQ==
  dependencies:
    "@algolia/cache-common" "4.19.1"
    "@algolia/logger-common" "4.19.1"
    "@algolia/requester-common" "4.19.1"

"@babel/parser@^7.20.15", "@babel/parser@^7.21.3":
  version "7.22.5"
  resolved "https://registry.yarnpkg.com/@babel/parser/-/parser-7.22.5.tgz#721fd042f3ce1896238cf1b341c77eb7dee7dbea"
  integrity sha512-DFZMC9LJUG9PLOclRC32G63UXwzqS2koQC8dkx+PLdmt1xSePYpbT/NbsrJy8Q/muXz7o/h/d4A7Fuyixm559Q==

"@docsearch/css@3.5.2", "@docsearch/css@^3.5.1":
  version "3.5.2"
  resolved "https://registry.yarnpkg.com/@docsearch/css/-/css-3.5.2.tgz#610f47b48814ca94041df969d9fcc47b91fc5aac"
  integrity sha512-SPiDHaWKQZpwR2siD0KQUwlStvIAnEyK6tAE2h2Wuoq8ue9skzhlyVQ1ddzOxX6khULnAALDiR/isSF3bnuciA==

"@docsearch/js@^3.5.1":
  version "3.5.2"
  resolved "https://registry.yarnpkg.com/@docsearch/js/-/js-3.5.2.tgz#a11cb2e7e62890e9e940283fed6972ecf632629d"
  integrity sha512-p1YFTCDflk8ieHgFJYfmyHBki1D61+U9idwrLh+GQQMrBSP3DLGKpy0XUJtPjAOPltcVbqsTjiPFfH7JImjUNg==
  dependencies:
    "@docsearch/react" "3.5.2"
    preact "^10.0.0"

"@docsearch/react@3.5.2":
  version "3.5.2"
  resolved "https://registry.yarnpkg.com/@docsearch/react/-/react-3.5.2.tgz#2e6bbee00eb67333b64906352734da6aef1232b9"
  integrity sha512-9Ahcrs5z2jq/DcAvYtvlqEBHImbm4YJI8M9y0x6Tqg598P40HTEkX7hsMcIuThI+hTFxRGZ9hll0Wygm2yEjng==
  dependencies:
    "@algolia/autocomplete-core" "1.9.3"
    "@algolia/autocomplete-preset-algolia" "1.9.3"
    "@docsearch/css" "3.5.2"
    algoliasearch "^4.19.1"

"@esbuild/android-arm64@0.18.20":
  version "0.18.20"
  resolved "https://registry.yarnpkg.com/@esbuild/android-arm64/-/android-arm64-0.18.20.tgz#984b4f9c8d0377443cc2dfcef266d02244593622"
  integrity sha512-Nz4rJcchGDtENV0eMKUNa6L12zz2zBDXuhj/Vjh18zGqB44Bi7MBMSXjgunJgjRhCmKOjnPuZp4Mb6OKqtMHLQ==

"@esbuild/android-arm@0.18.20":
  version "0.18.20"
  resolved "https://registry.yarnpkg.com/@esbuild/android-arm/-/android-arm-0.18.20.tgz#fedb265bc3a589c84cc11f810804f234947c3682"
  integrity sha512-fyi7TDI/ijKKNZTUJAQqiG5T7YjJXgnzkURqmGj13C6dCqckZBLdl4h7bkhHt/t0WP+zO9/zwroDvANaOqO5Sw==

"@esbuild/android-x64@0.18.20":
  version "0.18.20"
  resolved "https://registry.yarnpkg.com/@esbuild/android-x64/-/android-x64-0.18.20.tgz#35cf419c4cfc8babe8893d296cd990e9e9f756f2"
  integrity sha512-8GDdlePJA8D6zlZYJV/jnrRAi6rOiNaCC/JclcXpB+KIuvfBN4owLtgzY2bsxnx666XjJx2kDPUmnTtR8qKQUg==

"@esbuild/darwin-arm64@0.18.20":
  version "0.18.20"
  resolved "https://registry.yarnpkg.com/@esbuild/darwin-arm64/-/darwin-arm64-0.18.20.tgz#08172cbeccf95fbc383399a7f39cfbddaeb0d7c1"
  integrity sha512-bxRHW5kHU38zS2lPTPOyuyTm+S+eobPUnTNkdJEfAddYgEcll4xkT8DB9d2008DtTbl7uJag2HuE5NZAZgnNEA==

"@esbuild/darwin-x64@0.18.20":
  version "0.18.20"
  resolved "https://registry.yarnpkg.com/@esbuild/darwin-x64/-/darwin-x64-0.18.20.tgz#d70d5790d8bf475556b67d0f8b7c5bdff053d85d"
  integrity sha512-pc5gxlMDxzm513qPGbCbDukOdsGtKhfxD1zJKXjCCcU7ju50O7MeAZ8c4krSJcOIJGFR+qx21yMMVYwiQvyTyQ==

"@esbuild/freebsd-arm64@0.18.20":
  version "0.18.20"
  resolved "https://registry.yarnpkg.com/@esbuild/freebsd-arm64/-/freebsd-arm64-0.18.20.tgz#98755cd12707f93f210e2494d6a4b51b96977f54"
  integrity sha512-yqDQHy4QHevpMAaxhhIwYPMv1NECwOvIpGCZkECn8w2WFHXjEwrBn3CeNIYsibZ/iZEUemj++M26W3cNR5h+Tw==

"@esbuild/freebsd-x64@0.18.20":
  version "0.18.20"
  resolved "https://registry.yarnpkg.com/@esbuild/freebsd-x64/-/freebsd-x64-0.18.20.tgz#c1eb2bff03915f87c29cece4c1a7fa1f423b066e"
  integrity sha512-tgWRPPuQsd3RmBZwarGVHZQvtzfEBOreNuxEMKFcd5DaDn2PbBxfwLcj4+aenoh7ctXcbXmOQIn8HI6mCSw5MQ==

"@esbuild/linux-arm64@0.18.20":
  version "0.18.20"
  resolved "https://registry.yarnpkg.com/@esbuild/linux-arm64/-/linux-arm64-0.18.20.tgz#bad4238bd8f4fc25b5a021280c770ab5fc3a02a0"
  integrity sha512-2YbscF+UL7SQAVIpnWvYwM+3LskyDmPhe31pE7/aoTMFKKzIc9lLbyGUpmmb8a8AixOL61sQ/mFh3jEjHYFvdA==

"@esbuild/linux-arm@0.18.20":
  version "0.18.20"
  resolved "https://registry.yarnpkg.com/@esbuild/linux-arm/-/linux-arm-0.18.20.tgz#3e617c61f33508a27150ee417543c8ab5acc73b0"
  integrity sha512-/5bHkMWnq1EgKr1V+Ybz3s1hWXok7mDFUMQ4cG10AfW3wL02PSZi5kFpYKrptDsgb2WAJIvRcDm+qIvXf/apvg==

"@esbuild/linux-ia32@0.18.20":
  version "0.18.20"
  resolved "https://registry.yarnpkg.com/@esbuild/linux-ia32/-/linux-ia32-0.18.20.tgz#699391cccba9aee6019b7f9892eb99219f1570a7"
  integrity sha512-P4etWwq6IsReT0E1KHU40bOnzMHoH73aXp96Fs8TIT6z9Hu8G6+0SHSw9i2isWrD2nbx2qo5yUqACgdfVGx7TA==

"@esbuild/linux-loong64@0.18.20":
  version "0.18.20"
  resolved "https://registry.yarnpkg.com/@esbuild/linux-loong64/-/linux-loong64-0.18.20.tgz#e6fccb7aac178dd2ffb9860465ac89d7f23b977d"
  integrity sha512-nXW8nqBTrOpDLPgPY9uV+/1DjxoQ7DoB2N8eocyq8I9XuqJ7BiAMDMf9n1xZM9TgW0J8zrquIb/A7s3BJv7rjg==

"@esbuild/linux-mips64el@0.18.20":
  version "0.18.20"
  resolved "https://registry.yarnpkg.com/@esbuild/linux-mips64el/-/linux-mips64el-0.18.20.tgz#eeff3a937de9c2310de30622a957ad1bd9183231"
  integrity sha512-d5NeaXZcHp8PzYy5VnXV3VSd2D328Zb+9dEq5HE6bw6+N86JVPExrA6O68OPwobntbNJ0pzCpUFZTo3w0GyetQ==

"@esbuild/linux-ppc64@0.18.20":
  version "0.18.20"
  resolved "https://registry.yarnpkg.com/@esbuild/linux-ppc64/-/linux-ppc64-0.18.20.tgz#2f7156bde20b01527993e6881435ad79ba9599fb"
  integrity sha512-WHPyeScRNcmANnLQkq6AfyXRFr5D6N2sKgkFo2FqguP44Nw2eyDlbTdZwd9GYk98DZG9QItIiTlFLHJHjxP3FA==

"@esbuild/linux-riscv64@0.18.20":
  version "0.18.20"
  resolved "https://registry.yarnpkg.com/@esbuild/linux-riscv64/-/linux-riscv64-0.18.20.tgz#6628389f210123d8b4743045af8caa7d4ddfc7a6"
  integrity sha512-WSxo6h5ecI5XH34KC7w5veNnKkju3zBRLEQNY7mv5mtBmrP/MjNBCAlsM2u5hDBlS3NGcTQpoBvRzqBcRtpq1A==

"@esbuild/linux-s390x@0.18.20":
  version "0.18.20"
  resolved "https://registry.yarnpkg.com/@esbuild/linux-s390x/-/linux-s390x-0.18.20.tgz#255e81fb289b101026131858ab99fba63dcf0071"
  integrity sha512-+8231GMs3mAEth6Ja1iK0a1sQ3ohfcpzpRLH8uuc5/KVDFneH6jtAJLFGafpzpMRO6DzJ6AvXKze9LfFMrIHVQ==

"@esbuild/linux-x64@0.18.20":
  version "0.18.20"
  resolved "https://registry.yarnpkg.com/@esbuild/linux-x64/-/linux-x64-0.18.20.tgz#c7690b3417af318a9b6f96df3031a8865176d338"
  integrity sha512-UYqiqemphJcNsFEskc73jQ7B9jgwjWrSayxawS6UVFZGWrAAtkzjxSqnoclCXxWtfwLdzU+vTpcNYhpn43uP1w==

"@esbuild/netbsd-x64@0.18.20":
  version "0.18.20"
  resolved "https://registry.yarnpkg.com/@esbuild/netbsd-x64/-/netbsd-x64-0.18.20.tgz#30e8cd8a3dded63975e2df2438ca109601ebe0d1"
  integrity sha512-iO1c++VP6xUBUmltHZoMtCUdPlnPGdBom6IrO4gyKPFFVBKioIImVooR5I83nTew5UOYrk3gIJhbZh8X44y06A==

"@esbuild/openbsd-x64@0.18.20":
  version "0.18.20"
  resolved "https://registry.yarnpkg.com/@esbuild/openbsd-x64/-/openbsd-x64-0.18.20.tgz#7812af31b205055874c8082ea9cf9ab0da6217ae"
  integrity sha512-e5e4YSsuQfX4cxcygw/UCPIEP6wbIL+se3sxPdCiMbFLBWu0eiZOJ7WoD+ptCLrmjZBK1Wk7I6D/I3NglUGOxg==

"@esbuild/sunos-x64@0.18.20":
  version "0.18.20"
  resolved "https://registry.yarnpkg.com/@esbuild/sunos-x64/-/sunos-x64-0.18.20.tgz#d5c275c3b4e73c9b0ecd38d1ca62c020f887ab9d"
  integrity sha512-kDbFRFp0YpTQVVrqUd5FTYmWo45zGaXe0X8E1G/LKFC0v8x0vWrhOWSLITcCn63lmZIxfOMXtCfti/RxN/0wnQ==

"@esbuild/win32-arm64@0.18.20":
  version "0.18.20"
  resolved "https://registry.yarnpkg.com/@esbuild/win32-arm64/-/win32-arm64-0.18.20.tgz#73bc7f5a9f8a77805f357fab97f290d0e4820ac9"
  integrity sha512-ddYFR6ItYgoaq4v4JmQQaAI5s7npztfV4Ag6NrhiaW0RrnOXqBkgwZLofVTlq1daVTQNhtI5oieTvkRPfZrePg==

"@esbuild/win32-ia32@0.18.20":
  version "0.18.20"
  resolved "https://registry.yarnpkg.com/@esbuild/win32-ia32/-/win32-ia32-0.18.20.tgz#ec93cbf0ef1085cc12e71e0d661d20569ff42102"
  integrity sha512-Wv7QBi3ID/rROT08SABTS7eV4hX26sVduqDOTe1MvGMjNd3EjOz4b7zeexIR62GTIEKrfJXKL9LFxTYgkyeu7g==

"@esbuild/win32-x64@0.18.20":
  version "0.18.20"
  resolved "https://registry.yarnpkg.com/@esbuild/win32-x64/-/win32-x64-0.18.20.tgz#786c5f41f043b07afb1af37683d7c33668858f6d"
  integrity sha512-kTdfRcSiDfQca/y9QIkng02avJ+NCaQvrMejlsB3RRv5sE9rRoeBPISaZpKxHELzRxZyLvNts1P27W3wV+8geQ==

"@jridgewell/sourcemap-codec@^1.4.13":
  version "1.4.15"
  resolved "https://registry.yarnpkg.com/@jridgewell/sourcemap-codec/-/sourcemap-codec-1.4.15.tgz#d7c6e6755c78567a951e04ab52ef0fd26de59f32"
  integrity sha512-eF2rxCRulEKXHTRiDrDy6erMYWqNw4LPdQ8UQA4huuxaQsVeRPFl2oM8oDGxMFhJUWZf9McpLtJasDDZb/Bpeg==

"@types/web-bluetooth@^0.0.17":
  version "0.0.17"
  resolved "https://registry.yarnpkg.com/@types/web-bluetooth/-/web-bluetooth-0.0.17.tgz#5c9f3c617f64a9735d7b72a7cc671e166d900c40"
  integrity sha512-4p9vcSmxAayx72yn70joFoL44c9MO/0+iVEBIQXe3v2h2SiAsEIo/G5v6ObFWvNKRFjbrVadNf9LqEEZeQPzdA==

"@vitejs/plugin-vue@^4.2.3":
  version "4.2.3"
  resolved "https://registry.yarnpkg.com/@vitejs/plugin-vue/-/plugin-vue-4.2.3.tgz#ee0b6dfcc62fe65364e6395bf38fa2ba10bb44b6"
  integrity sha512-R6JDUfiZbJA9cMiguQ7jxALsgiprjBeHL5ikpXfJCH62pPHtI+JdJ5xWj6Ev73yXSlYl86+blXn1kZHQ7uElxw==

"@vue/compiler-core@3.3.4":
  version "3.3.4"
  resolved "https://registry.yarnpkg.com/@vue/compiler-core/-/compiler-core-3.3.4.tgz#7fbf591c1c19e1acd28ffd284526e98b4f581128"
  integrity sha512-cquyDNvZ6jTbf/+x+AgM2Arrp6G4Dzbb0R64jiG804HRMfRiFXWI6kqUVqZ6ZR0bQhIoQjB4+2bhNtVwndW15g==
  dependencies:
    "@babel/parser" "^7.21.3"
    "@vue/shared" "3.3.4"
    estree-walker "^2.0.2"
    source-map-js "^1.0.2"

"@vue/compiler-dom@3.3.4":
  version "3.3.4"
  resolved "https://registry.yarnpkg.com/@vue/compiler-dom/-/compiler-dom-3.3.4.tgz#f56e09b5f4d7dc350f981784de9713d823341151"
  integrity sha512-wyM+OjOVpuUukIq6p5+nwHYtj9cFroz9cwkfmP9O1nzH68BenTTv0u7/ndggT8cIQlnBeOo6sUT/gvHcIkLA5w==
  dependencies:
    "@vue/compiler-core" "3.3.4"
    "@vue/shared" "3.3.4"

"@vue/compiler-sfc@3.3.4":
  version "3.3.4"
  resolved "https://registry.yarnpkg.com/@vue/compiler-sfc/-/compiler-sfc-3.3.4.tgz#b19d942c71938893535b46226d602720593001df"
  integrity sha512-6y/d8uw+5TkCuzBkgLS0v3lSM3hJDntFEiUORM11pQ/hKvkhSKZrXW6i69UyXlJQisJxuUEJKAWEqWbWsLeNKQ==
  dependencies:
    "@babel/parser" "^7.20.15"
    "@vue/compiler-core" "3.3.4"
    "@vue/compiler-dom" "3.3.4"
    "@vue/compiler-ssr" "3.3.4"
    "@vue/reactivity-transform" "3.3.4"
    "@vue/shared" "3.3.4"
    estree-walker "^2.0.2"
    magic-string "^0.30.0"
    postcss "^8.1.10"
    source-map-js "^1.0.2"

"@vue/compiler-ssr@3.3.4":
  version "3.3.4"
  resolved "https://registry.yarnpkg.com/@vue/compiler-ssr/-/compiler-ssr-3.3.4.tgz#9d1379abffa4f2b0cd844174ceec4a9721138777"
  integrity sha512-m0v6oKpup2nMSehwA6Uuu+j+wEwcy7QmwMkVNVfrV9P2qE5KshC6RwOCq8fjGS/Eak/uNb8AaWekfiXxbBB6gQ==
  dependencies:
    "@vue/compiler-dom" "3.3.4"
    "@vue/shared" "3.3.4"

"@vue/devtools-api@^6.5.0":
  version "6.5.0"
  resolved "https://registry.yarnpkg.com/@vue/devtools-api/-/devtools-api-6.5.0.tgz#98b99425edee70b4c992692628fa1ea2c1e57d07"
  integrity sha512-o9KfBeaBmCKl10usN4crU53fYtC1r7jJwdGKjPT24t348rHxgfpZ0xL3Xm/gLUYnc0oTp8LAmrxOeLyu6tbk2Q==

"@vue/reactivity-transform@3.3.4":
  version "3.3.4"
  resolved "https://registry.yarnpkg.com/@vue/reactivity-transform/-/reactivity-transform-3.3.4.tgz#52908476e34d6a65c6c21cd2722d41ed8ae51929"
  integrity sha512-MXgwjako4nu5WFLAjpBnCj/ieqcjE2aJBINUNQzkZQfzIZA4xn+0fV1tIYBJvvva3N3OvKGofRLvQIwEQPpaXw==
  dependencies:
    "@babel/parser" "^7.20.15"
    "@vue/compiler-core" "3.3.4"
    "@vue/shared" "3.3.4"
    estree-walker "^2.0.2"
    magic-string "^0.30.0"

"@vue/reactivity@3.3.4":
  version "3.3.4"
  resolved "https://registry.yarnpkg.com/@vue/reactivity/-/reactivity-3.3.4.tgz#a27a29c6cd17faba5a0e99fbb86ee951653e2253"
  integrity sha512-kLTDLwd0B1jG08NBF3R5rqULtv/f8x3rOFByTDz4J53ttIQEDmALqKqXY0J+XQeN0aV2FBxY8nJDf88yvOPAqQ==
  dependencies:
    "@vue/shared" "3.3.4"

"@vue/runtime-core@3.3.4":
  version "3.3.4"
  resolved "https://registry.yarnpkg.com/@vue/runtime-core/-/runtime-core-3.3.4.tgz#4bb33872bbb583721b340f3088888394195967d1"
  integrity sha512-R+bqxMN6pWO7zGI4OMlmvePOdP2c93GsHFM/siJI7O2nxFRzj55pLwkpCedEY+bTMgp5miZ8CxfIZo3S+gFqvA==
  dependencies:
    "@vue/reactivity" "3.3.4"
    "@vue/shared" "3.3.4"

"@vue/runtime-dom@3.3.4":
  version "3.3.4"
  resolved "https://registry.yarnpkg.com/@vue/runtime-dom/-/runtime-dom-3.3.4.tgz#992f2579d0ed6ce961f47bbe9bfe4b6791251566"
  integrity sha512-Aj5bTJ3u5sFsUckRghsNjVTtxZQ1OyMWCr5dZRAPijF/0Vy4xEoRCwLyHXcj4D0UFbJ4lbx3gPTgg06K/GnPnQ==
  dependencies:
    "@vue/runtime-core" "3.3.4"
    "@vue/shared" "3.3.4"
    csstype "^3.1.1"

"@vue/server-renderer@3.3.4":
  version "3.3.4"
  resolved "https://registry.yarnpkg.com/@vue/server-renderer/-/server-renderer-3.3.4.tgz#ea46594b795d1536f29bc592dd0f6655f7ea4c4c"
  integrity sha512-Q6jDDzR23ViIb67v+vM1Dqntu+HUexQcsWKhhQa4ARVzxOY2HbC7QRW/ggkDBd5BU+uM1sV6XOAP0b216o34JQ==
  dependencies:
    "@vue/compiler-ssr" "3.3.4"
    "@vue/shared" "3.3.4"

"@vue/shared@3.3.4":
  version "3.3.4"
  resolved "https://registry.yarnpkg.com/@vue/shared/-/shared-3.3.4.tgz#06e83c5027f464eef861c329be81454bc8b70780"
  integrity sha512-7OjdcV8vQ74eiz1TZLzZP4JwqM5fA94K6yntPS5Z25r9HDuGNzaGdgvwKYq6S+MxwF0TFRwe50fIR/MYnakdkQ==

"@vueuse/core@10.3.0", "@vueuse/core@^10.3.0":
  version "10.3.0"
  resolved "https://registry.yarnpkg.com/@vueuse/core/-/core-10.3.0.tgz#b2dab7821ef206811b925fc935163c38056fd82b"
  integrity sha512-BEM5yxcFKb5btFjTSAFjTu5jmwoW66fyV9uJIP4wUXXU8aR5Hl44gndaaXp7dC5HSObmgbnR2RN+Un1p68Mf5Q==
  dependencies:
    "@types/web-bluetooth" "^0.0.17"
    "@vueuse/metadata" "10.3.0"
    "@vueuse/shared" "10.3.0"
    vue-demi ">=0.14.5"

"@vueuse/integrations@^10.3.0":
  version "10.3.0"
  resolved "https://registry.yarnpkg.com/@vueuse/integrations/-/integrations-10.3.0.tgz#765e9505358590f21531998194c6e60a8b23655c"
  integrity sha512-Jgiv7oFyIgC6BxmDtiyG/fxyGysIds00YaY7sefwbhCZ2/tjEx1W/1WcsISSJPNI30in28+HC2J4uuU8184ekg==
  dependencies:
    "@vueuse/core" "10.3.0"
    "@vueuse/shared" "10.3.0"
    vue-demi ">=0.14.5"

"@vueuse/metadata@10.3.0":
  version "10.3.0"
  resolved "https://registry.yarnpkg.com/@vueuse/metadata/-/metadata-10.3.0.tgz#14fe6cc909573785f73a56e4d9351edf3830b796"
  integrity sha512-Ema3YhNOa4swDsV0V7CEY5JXvK19JI/o1szFO1iWxdFg3vhdFtCtSTP26PCvbUpnUtNHBY2wx5y3WDXND5Pvnw==

"@vueuse/shared@10.3.0":
  version "10.3.0"
  resolved "https://registry.yarnpkg.com/@vueuse/shared/-/shared-10.3.0.tgz#ce6b4b6860e14aaa293025dcf0cbe1036a25869f"
  integrity sha512-kGqCTEuFPMK4+fNWy6dUOiYmxGcUbtznMwBZLC1PubidF4VZY05B+Oht7Jh7/6x4VOWGpvu3R37WHi81cKpiqg==
  dependencies:
    vue-demi ">=0.14.5"

algoliasearch@^4.19.1:
  version "4.19.1"
  resolved "https://registry.yarnpkg.com/algoliasearch/-/algoliasearch-4.19.1.tgz#18111fb422eaf841737adb92d5ab12133d244218"
  integrity sha512-IJF5b93b2MgAzcE/tuzW0yOPnuUyRgGAtaPv5UUywXM8kzqfdwZTO4sPJBzoGz1eOy6H9uEchsJsBFTELZSu+g==
  dependencies:
    "@algolia/cache-browser-local-storage" "4.19.1"
    "@algolia/cache-common" "4.19.1"
    "@algolia/cache-in-memory" "4.19.1"
    "@algolia/client-account" "4.19.1"
    "@algolia/client-analytics" "4.19.1"
    "@algolia/client-common" "4.19.1"
    "@algolia/client-personalization" "4.19.1"
    "@algolia/client-search" "4.19.1"
    "@algolia/logger-common" "4.19.1"
    "@algolia/logger-console" "4.19.1"
    "@algolia/requester-browser-xhr" "4.19.1"
    "@algolia/requester-common" "4.19.1"
    "@algolia/requester-node-http" "4.19.1"
    "@algolia/transporter" "4.19.1"

ansi-sequence-parser@^1.1.0:
  version "1.1.0"
  resolved "https://registry.yarnpkg.com/ansi-sequence-parser/-/ansi-sequence-parser-1.1.0.tgz#4d790f31236ac20366b23b3916b789e1bde39aed"
  integrity sha512-lEm8mt52to2fT8GhciPCGeCXACSz2UwIN4X2e2LJSnZ5uAbn2/dsYdOmUXq0AtWS5cpAupysIneExOgH0Vd2TQ==

body-scroll-lock@4.0.0-beta.0:
  version "4.0.0-beta.0"
  resolved "https://registry.yarnpkg.com/body-scroll-lock/-/body-scroll-lock-4.0.0-beta.0.tgz#4f78789d10e6388115c0460cd6d7d4dd2bbc4f7e"
  integrity sha512-a7tP5+0Mw3YlUJcGAKUqIBkYYGlYxk2fnCasq/FUph1hadxlTRjF+gAcZksxANnaMnALjxEddmSi/H3OR8ugcQ==

csstype@^3.1.1:
  version "3.1.2"
  resolved "https://registry.yarnpkg.com/csstype/-/csstype-3.1.2.tgz#1d4bf9d572f11c14031f0436e1c10bc1f571f50b"
  integrity sha512-I7K1Uu0MBPzaFKg4nI5Q7Vs2t+3gWWW648spaF+Rg7pI9ds18Ugn+lvg4SHczUdKlHI5LWBXyqfS8+DufyBsgQ==

esbuild@^0.18.10:
  version "0.18.20"
  resolved "https://registry.yarnpkg.com/esbuild/-/esbuild-0.18.20.tgz#4709f5a34801b43b799ab7d6d82f7284a9b7a7a6"
  integrity sha512-ceqxoedUrcayh7Y7ZX6NdbbDzGROiyVBgC4PriJThBKSVPWnnFHZAkfI1lJT8QFkOwH4qOS2SJkS4wvpGl8BpA==
  optionalDependencies:
    "@esbuild/android-arm" "0.18.20"
    "@esbuild/android-arm64" "0.18.20"
    "@esbuild/android-x64" "0.18.20"
    "@esbuild/darwin-arm64" "0.18.20"
    "@esbuild/darwin-x64" "0.18.20"
    "@esbuild/freebsd-arm64" "0.18.20"
    "@esbuild/freebsd-x64" "0.18.20"
    "@esbuild/linux-arm" "0.18.20"
    "@esbuild/linux-arm64" "0.18.20"
    "@esbuild/linux-ia32" "0.18.20"
    "@esbuild/linux-loong64" "0.18.20"
    "@esbuild/linux-mips64el" "0.18.20"
    "@esbuild/linux-ppc64" "0.18.20"
    "@esbuild/linux-riscv64" "0.18.20"
    "@esbuild/linux-s390x" "0.18.20"
    "@esbuild/linux-x64" "0.18.20"
    "@esbuild/netbsd-x64" "0.18.20"
    "@esbuild/openbsd-x64" "0.18.20"
    "@esbuild/sunos-x64" "0.18.20"
    "@esbuild/win32-arm64" "0.18.20"
    "@esbuild/win32-ia32" "0.18.20"
    "@esbuild/win32-x64" "0.18.20"

estree-walker@^2.0.2:
  version "2.0.2"
  resolved "https://registry.yarnpkg.com/estree-walker/-/estree-walker-2.0.2.tgz#52f010178c2a4c117a7757cfe942adb7d2da4cac"
  integrity sha512-Rfkk/Mp/DL7JVje3u18FxFujQlTNR2q6QfMSMB7AvCBx91NGj/ba3kCfza0f6dVDbw7YlRf/nDrn7pQrCCyQ/w==

focus-trap@^7.5.2:
  version "7.5.2"
  resolved "https://registry.yarnpkg.com/focus-trap/-/focus-trap-7.5.2.tgz#e5ee678d10a18651f2591ffb66c949fb098d57cf"
  integrity sha512-p6vGNNWLDGwJCiEjkSK6oERj/hEyI9ITsSwIUICBoKLlWiTWXJRfQibCwcoi50rTZdbi87qDtUlMCmQwsGSgPw==
  dependencies:
    tabbable "^6.2.0"

fsevents@~2.3.2:
  version "2.3.2"
  resolved "https://registry.yarnpkg.com/fsevents/-/fsevents-2.3.2.tgz#8a526f78b8fdf4623b709e0b975c52c24c02fd1a"
  integrity sha512-xiqMQR4xAeHTuB9uWm+fFRcIOgKBMiOBP+eXiyT7jsgVCq1bkVygt00oASowB7EdtpOHaaPgKt812P9ab+DDKA==

jsonc-parser@^3.2.0:
  version "3.2.0"
  resolved "https://registry.yarnpkg.com/jsonc-parser/-/jsonc-parser-3.2.0.tgz#31ff3f4c2b9793f89c67212627c51c6394f88e76"
  integrity sha512-gfFQZrcTc8CnKXp6Y4/CBT3fTc0OVuDofpre4aEeEpSBPV5X5v4+Vmx+8snU7RLPrNHPKSgLxGo9YuQzz20o+w==

magic-string@^0.30.0:
  version "0.30.0"
  resolved "https://registry.yarnpkg.com/magic-string/-/magic-string-0.30.0.tgz#fd58a4748c5c4547338a424e90fa5dd17f4de529"
  integrity sha512-LA+31JYDJLs82r2ScLrlz1GjSgu66ZV518eyWT+S8VhyQn/JL0u9MeBOvQMGYiPk1DBiSN9DDMOcXvigJZaViQ==
  dependencies:
    "@jridgewell/sourcemap-codec" "^1.4.13"

mark.js@8.11.1:
  version "8.11.1"
  resolved "https://registry.yarnpkg.com/mark.js/-/mark.js-8.11.1.tgz#180f1f9ebef8b0e638e4166ad52db879beb2ffc5"
  integrity sha512-1I+1qpDt4idfgLQG+BNWmrqku+7/2bi5nLf4YwF8y8zXvmfiTBY3PV3ZibfrjBueCByROpuBjLLFCajqkgYoLQ==

minisearch@^6.1.0:
  version "6.1.0"
  resolved "https://registry.yarnpkg.com/minisearch/-/minisearch-6.1.0.tgz#6e74e743dbd0e88fa5ca52fef2391e0aa7055252"
  integrity sha512-PNxA/X8pWk+TiqPbsoIYH0GQ5Di7m6326/lwU/S4mlo4wGQddIcf/V//1f9TB0V4j59b57b+HZxt8h3iMROGvg==

nanoid@^3.3.6:
  version "3.3.6"
  resolved "https://registry.yarnpkg.com/nanoid/-/nanoid-3.3.6.tgz#443380c856d6e9f9824267d960b4236ad583ea4c"
  integrity sha512-BGcqMMJuToF7i1rt+2PWSNVnWIkGCU78jBG3RxO/bZlnZPK2Cmi2QaffxGO/2RvWi9sL+FAiRiXMgsyxQ1DIDA==

picocolors@^1.0.0:
  version "1.0.0"
  resolved "https://registry.yarnpkg.com/picocolors/-/picocolors-1.0.0.tgz#cb5bdc74ff3f51892236eaf79d68bc44564ab81c"
  integrity sha512-1fygroTLlHu66zi26VoTDv8yRgm0Fccecssto+MhsZ0D/DGW2sm8E8AjW7NU5VVTRt5GxbeZ5qBuJr+HyLYkjQ==

postcss@^8.1.10:
  version "8.4.24"
  resolved "https://registry.yarnpkg.com/postcss/-/postcss-8.4.24.tgz#f714dba9b2284be3cc07dbd2fc57ee4dc972d2df"
  integrity sha512-M0RzbcI0sO/XJNucsGjvWU9ERWxb/ytp1w6dKtxTKgixdtQDq4rmx/g8W1hnaheq9jgwL/oyEdH5Bc4WwJKMqg==
  dependencies:
    nanoid "^3.3.6"
    picocolors "^1.0.0"
    source-map-js "^1.0.2"

postcss@^8.4.27:
  version "8.4.28"
  resolved "https://registry.yarnpkg.com/postcss/-/postcss-8.4.28.tgz#c6cc681ed00109072816e1557f889ef51cf950a5"
  integrity sha512-Z7V5j0cq8oEKyejIKfpD8b4eBy9cwW2JWPk0+fB1HOAMsfHbnAXLLS+PfVWlzMSLQaWttKDt607I0XHmpE67Vw==
  dependencies:
    nanoid "^3.3.6"
    picocolors "^1.0.0"
    source-map-js "^1.0.2"

preact@^10.0.0:
  version "10.15.1"
  resolved "https://registry.yarnpkg.com/preact/-/preact-10.15.1.tgz#a1de60c9fc0c79a522d969c65dcaddc5d994eede"
  integrity sha512-qs2ansoQEwzNiV5eAcRT1p1EC/dmEzaATVDJNiB3g2sRDWdA7b7MurXdJjB2+/WQktGWZwxvDrnuRFbWuIr64g==

rollup@^3.27.1:
  version "3.28.1"
  resolved "https://registry.yarnpkg.com/rollup/-/rollup-3.28.1.tgz#fb44aa6d5e65c7e13fd5bcfff266d0c4ea9ba433"
  integrity sha512-R9OMQmIHJm9znrU3m3cpE8uhN0fGdXiawME7aZIpQqvpS/85+Vt1Hq1/yVIcYfOmaQiHjvXkQAoJukvLpau6Yw==
  optionalDependencies:
    fsevents "~2.3.2"

shiki@^0.14.3:
  version "0.14.3"
  resolved "https://registry.yarnpkg.com/shiki/-/shiki-0.14.3.tgz#d1a93c463942bdafb9866d74d619a4347d0bbf64"
  integrity sha512-U3S/a+b0KS+UkTyMjoNojvTgrBHjgp7L6ovhFVZsXmBGnVdQ4K4U9oK0z63w538S91ATngv1vXigHCSWOwnr+g==
  dependencies:
    ansi-sequence-parser "^1.1.0"
    jsonc-parser "^3.2.0"
    vscode-oniguruma "^1.7.0"
    vscode-textmate "^8.0.0"

source-map-js@^1.0.2:
  version "1.0.2"
  resolved "https://registry.yarnpkg.com/source-map-js/-/source-map-js-1.0.2.tgz#adbc361d9c62df380125e7f161f71c826f1e490c"
  integrity sha512-R0XvVJ9WusLiqTCEiGCmICCMplcCkIwwR11mOSD9CR5u+IXYdiseeEuXCVAjS54zqwkLcPNnmU4OeJ6tUrWhDw==

tabbable@^6.2.0:
  version "6.2.0"
  resolved "https://registry.yarnpkg.com/tabbable/-/tabbable-6.2.0.tgz#732fb62bc0175cfcec257330be187dcfba1f3b97"
  integrity sha512-Cat63mxsVJlzYvN51JmVXIgNoUokrIaT2zLclCXjRd8boZ0004U4KCs/sToJ75C6sdlByWxpYnb5Boif1VSFew==

vite@^4.4.9:
  version "4.4.9"
  resolved "https://registry.yarnpkg.com/vite/-/vite-4.4.9.tgz#1402423f1a2f8d66fd8d15e351127c7236d29d3d"
  integrity sha512-2mbUn2LlUmNASWwSCNSJ/EG2HuSRTnVNaydp6vMCm5VIqJsjMfbIWtbH2kDuwUVW5mMUKKZvGPX/rqeqVvv1XA==
  dependencies:
    esbuild "^0.18.10"
    postcss "^8.4.27"
    rollup "^3.27.1"
  optionalDependencies:
    fsevents "~2.3.2"

vitepress@^1.0.0-rc.4:
  version "1.0.0-rc.4"
  resolved "https://registry.yarnpkg.com/vitepress/-/vitepress-1.0.0-rc.4.tgz#2422aaf9b43d65045495056f72ba22c810b979a0"
  integrity sha512-JCQ89Bm6ECUTnyzyas3JENo00UDJeK8q1SUQyJYou+4Yz5BKEc/F3O21cu++DnUT2zXc0kvQ2Aj4BZCc/nioXQ==
  dependencies:
    "@docsearch/css" "^3.5.1"
    "@docsearch/js" "^3.5.1"
    "@vitejs/plugin-vue" "^4.2.3"
    "@vue/devtools-api" "^6.5.0"
    "@vueuse/core" "^10.3.0"
    "@vueuse/integrations" "^10.3.0"
    body-scroll-lock "4.0.0-beta.0"
    focus-trap "^7.5.2"
    mark.js "8.11.1"
    minisearch "^6.1.0"
    shiki "^0.14.3"
    vite "^4.4.9"
    vue "^3.3.4"

vscode-oniguruma@^1.7.0:
  version "1.7.0"
  resolved "https://registry.yarnpkg.com/vscode-oniguruma/-/vscode-oniguruma-1.7.0.tgz#439bfad8fe71abd7798338d1cd3dc53a8beea94b"
  integrity sha512-L9WMGRfrjOhgHSdOYgCt/yRMsXzLDJSL7BPrOZt73gU0iWO4mpqzqQzOz5srxqTvMBaR0XZTSrVWo4j55Rc6cA==

vscode-textmate@^8.0.0:
  version "8.0.0"
  resolved "https://registry.yarnpkg.com/vscode-textmate/-/vscode-textmate-8.0.0.tgz#2c7a3b1163ef0441097e0b5d6389cd5504b59e5d"
  integrity sha512-AFbieoL7a5LMqcnOF04ji+rpXadgOXnZsxQr//r83kLPr7biP7am3g9zbaZIaBGwBRWeSvoMD4mgPdX3e4NWBg==

vue-demi@>=0.14.5:
  version "0.14.5"
  resolved "https://registry.yarnpkg.com/vue-demi/-/vue-demi-0.14.5.tgz#676d0463d1a1266d5ab5cba932e043d8f5f2fbd9"
  integrity sha512-o9NUVpl/YlsGJ7t+xuqJKx8EBGf1quRhCiT6D/J0pfwmk9zUwYkC7yrF4SZCe6fETvSM3UNL2edcbYrSyc4QHA==

vue@^3.3.4:
  version "3.3.4"
  resolved "https://registry.yarnpkg.com/vue/-/vue-3.3.4.tgz#8ed945d3873667df1d0fcf3b2463ada028f88bd6"
  integrity sha512-VTyEYn3yvIeY1Py0WaYGZsXnz3y5UnGi62GjVEqvEGPl6nxbOrCXbVOTQWBEJUqAyTUk2uJ5JLVnYJ6ZzGbrSw==
  dependencies:
    "@vue/compiler-dom" "3.3.4"
    "@vue/compiler-sfc" "3.3.4"
    "@vue/runtime-dom" "3.3.4"
    "@vue/server-renderer" "3.3.4"
    "@vue/shared" "3.3.4"
